
Microsoft Visual Studio Solution File, Format Version 12.00
# Visual Studio Version 17
VisualStudioVersion = 17.8.34309.116
MinimumVisualStudioVersion = 10.0.40219.1
Project("{FAE04EC0-301F-11D3-BF4B-00C04F79EFBC}") = "TaskMngr", "TaskMngr.csproj", "{E53AA03E-7F4C-411B-BD20-D34BD0546C05}"
EndProject
Global
	GlobalSection(SolutionConfigurationPlatforms) = preSolution
		Debug|Any CPU = Debug|Any CPU
		Release|Any CPU = Release|Any CPU
	EndGlobalSection
	GlobalSection(ProjectConfigurationPlatforms) = postSolution
		{E53AA03E-7F4C-411B-BD20-D34BD0546C05}.Debug|Any CPU.ActiveCfg = Debug|Any CPU
		{E53AA03E-7F4C-411B-BD20-D34BD0546C05}.Debug|Any CPU.Build.0 = Debug|Any CPU
		{E53AA03E-7F4C-411B-BD20-D34BD0546C05}.Release|Any CPU.ActiveCfg = Release|Any CPU
		{E53AA03E-7F4C-411B-BD20-D34BD0546C05}.Release|Any CPU.Build.0 = Release|Any CPU
	EndGlobalSection
	GlobalSection(SolutionProperties) = preSolution
		HideSolutionNode = FALSE
	EndGlobalSection
	GlobalSection(ExtensibilityGlobals) = postSolution
		SolutionGuid = {6F8D239C-7B02-41EB-9A5C-FFD4BEE9B657}
	EndGlobalSection
EndGlobal
